{
  "name": "typescript_workshop",
  "version": "1.0.0",
  "lockfileVersion": 2,
  "requires": true,
  "packages": {
    "": {
      "name": "typescript_workshop",
      "version": "1.0.0",
      "license": "ISC",
      "dependencies": {
        "-": "^0.0.1",
        "D": "^1.0.0",
        "metadata": "^0.1.0",
        "reflect": "^0.1.3",
        "reflect-metadata": "^0.1.13"
      }
    },
    "node_modules/-": {
      "version": "0.0.1",
      "resolved": "https://registry.npmjs.org/-/-/--0.0.1.tgz",
      "integrity": "sha512-3HfneK3DGAm05fpyj20sT3apkNcvPpCuccOThOPdzz8sY7GgQGe0l93XH9bt+YzibcTIgUAIMoyVJI740RtgyQ=="
    },
    "node_modules/D": {
      "version": "1.0.0",
      "resolved": "https://registry.npmjs.org/D/-/D-1.0.0.tgz",
      "integrity": "sha512-nQvrCBu7K2pSSEtIM0EEF03FVjcczCXInMt3moLNFbjlWx6bZrX72uT6/1uAXDbnzGUAx9gTyDiQ+vrFi663oA==",
      "deprecated": "Package no longer supported. Contact support@npmjs.com for more info."
    },
    "node_modules/metadata": {
      "version": "0.1.0",
      "resolved": "https://registry.npmjs.org/metadata/-/metadata-0.1.0.tgz",
      "integrity": "sha1-IkF/1ooBcSYc2zUSqaQ7e7EzEwo=",
      "engines": {
        "node": ">= 0.8.0"
      }
    },
    "node_modules/reflect": {
      "version": "0.1.3",
      "resolved": "https://registry.npmjs.org/reflect/-/reflect-0.1.3.tgz",
      "integrity": "sha1-auczL+PJeleHctObhvlvlGLXFf4=",
      "engines": {
        "node": ">= 0.4"
      }
    },
    "node_modules/reflect-metadata": {
      "version": "0.1.13",
      "resolved": "https://registry.npmjs.org/reflect-metadata/-/reflect-metadata-0.1.13.tgz",
      "integrity": "sha512-Ts1Y/anZELhSsjMcU605fU9RE4Oi3p5ORujwbIKXfWa+0Zxs510Qrmrce5/Jowq3cHSZSJqBjypxmHarc+vEWg=="
    }
  },
  "dependencies": {
    "-": {
      "version": "0.0.1",
      "resolved": "https://registry.npmjs.org/-/-/--0.0.1.tgz",
      "integrity": "sha512-3HfneK3DGAm05fpyj20sT3apkNcvPpCuccOThOPdzz8sY7GgQGe0l93XH9bt+YzibcTIgUAIMoyVJI740RtgyQ=="
    },
    "D": {
      "version": "1.0.0",
      "resolved": "https://registry.npmjs.org/D/-/D-1.0.0.tgz",
      "integrity": "sha512-nQvrCBu7K2pSSEtIM0EEF03FVjcczCXInMt3moLNFbjlWx6bZrX72uT6/1uAXDbnzGUAx9gTyDiQ+vrFi663oA=="
    },
    "metadata": {
      "version": "0.1.0",
      "resolved": "https://registry.npmjs.org/metadata/-/metadata-0.1.0.tgz",
      "integrity": "sha1-IkF/1ooBcSYc2zUSqaQ7e7EzEwo="
    },
    "reflect": {
      "version": "0.1.3",
      "resolved": "https://registry.npmjs.org/reflect/-/reflect-0.1.3.tgz",
      "integrity": "sha1-auczL+PJeleHctObhvlvlGLXFf4="
    },
    "reflect-metadata": {
      "version": "0.1.13",
      "resolved": "https://registry.npmjs.org/reflect-metadata/-/reflect-metadata-0.1.13.tgz",
      "integrity": "sha512-Ts1Y/anZELhSsjMcU605fU9RE4Oi3p5ORujwbIKXfWa+0Zxs510Qrmrce5/Jowq3cHSZSJqBjypxmHarc+vEWg=="
    }
  }
}
